
Microsoft Visual Studio Solution File, Format Version 12.00
# Visual Studio Version 16
VisualStudioVersion = 16.0.32602.291
MinimumVisualStudioVersion = 10.0.40219.1
Project("{FAE04EC0-301F-11D3-BF4B-00C04F79EFBC}") = "Calorias.Android", "Calorias.Android\Calorias.Android.csproj", "{C1ADE295-9B8F-4D7B-AC8B-9C9CD130C05E}"
EndProject
Project("{FAE04EC0-301F-11D3-BF4B-00C04F79EFBC}") = "Calorias.iOS", "Calorias.iOS\Calorias.iOS.csproj", "{16921312-26FC-4878-A417-C2E9EA248E38}"
EndProject
Project("{FAE04EC0-301F-11D3-BF4B-00C04F79EFBC}") = "Calorias", "Calorias\Calorias.csproj", "{8BFAEEBC-FF01-428D-AC24-1E29B6D0B83B}"
EndProject
Global
	GlobalSection(SolutionConfigurationPlatforms) = preSolution
		Debug|Any CPU = Debug|Any CPU
		Debug|iPhone = Debug|iPhone
		Debug|iPhoneSimulator = Debug|iPhoneSimulator
		Release|Any CPU = Release|Any CPU
		Release|iPhone = Release|iPhone
		Release|iPhoneSimulator = Release|iPhoneSimulator
	EndGlobalSection
	GlobalSection(ProjectConfigurationPlatforms) = postSolution
		{C1ADE295-9B8F-4D7B-AC8B-9C9CD130C05E}.Debug|Any CPU.ActiveCfg = Debug|Any CPU
		{C1ADE295-9B8F-4D7B-AC8B-9C9CD130C05E}.Debug|Any CPU.Build.0 = Debug|Any CPU
		{C1ADE295-9B8F-4D7B-AC8B-9C9CD130C05E}.Debug|Any CPU.Deploy.0 = Debug|Any CPU
		{C1ADE295-9B8F-4D7B-AC8B-9C9CD130C05E}.Debug|iPhone.ActiveCfg = Debug|Any CPU
		{C1ADE295-9B8F-4D7B-AC8B-9C9CD130C05E}.Debug|iPhone.Build.0 = Debug|Any CPU
		{C1ADE295-9B8F-4D7B-AC8B-9C9CD130C05E}.Debug|iPhone.Deploy.0 = Debug|Any CPU
		{C1ADE295-9B8F-4D7B-AC8B-9C9CD130C05E}.Debug|iPhoneSimulator.ActiveCfg = Debug|Any CPU
		{C1ADE295-9B8F-4D7B-AC8B-9C9CD130C05E}.Debug|iPhoneSimulator.Build.0 = Debug|Any CPU
		{C1ADE295-9B8F-4D7B-AC8B-9C9CD130C05E}.Debug|iPhoneSimulator.Deploy.0 = Debug|Any CPU
		{C1ADE295-9B8F-4D7B-AC8B-9C9CD130C05E}.Release|Any CPU.ActiveCfg = Release|Any CPU
		{C1ADE295-9B8F-4D7B-AC8B-9C9CD130C05E}.Release|Any CPU.Build.0 = Release|Any CPU
		{C1ADE295-9B8F-4D7B-AC8B-9C9CD130C05E}.Release|Any CPU.Deploy.0 = Release|Any CPU
		{C1ADE295-9B8F-4D7B-AC8B-9C9CD130C05E}.Release|iPhone.ActiveCfg = Release|Any CPU
		{C1ADE295-9B8F-4D7B-AC8B-9C9CD130C05E}.Release|iPhone.Build.0 = Release|Any CPU
		{C1ADE295-9B8F-4D7B-AC8B-9C9CD130C05E}.Release|iPhone.Deploy.0 = Release|Any CPU
		{C1ADE295-9B8F-4D7B-AC8B-9C9CD130C05E}.Release|iPhoneSimulator.ActiveCfg = Release|Any CPU
		{C1ADE295-9B8F-4D7B-AC8B-9C9CD130C05E}.Release|iPhoneSimulator.Build.0 = Release|Any CPU
		{C1ADE295-9B8F-4D7B-AC8B-9C9CD130C05E}.Release|iPhoneSimulator.Deploy.0 = Release|Any CPU
		{16921312-26FC-4878-A417-C2E9EA248E38}.Debug|Any CPU.ActiveCfg = Debug|iPhone
		{16921312-26FC-4878-A417-C2E9EA248E38}.Debug|Any CPU.Build.0 = Debug|iPhone
		{16921312-26FC-4878-A417-C2E9EA248E38}.Debug|Any CPU.Deploy.0 = Debug|iPhone
		{16921312-26FC-4878-A417-C2E9EA248E38}.Debug|iPhone.ActiveCfg = Debug|iPhone
		{16921312-26FC-4878-A417-C2E9EA248E38}.Debug|iPhone.Build.0 = Debug|iPhone
		{16921312-26FC-4878-A417-C2E9EA248E38}.Debug|iPhone.Deploy.0 = Debug|iPhone
		{16921312-26FC-4878-A417-C2E9EA248E38}.Debug|iPhoneSimulator.ActiveCfg = Debug|iPhoneSimulator
		{16921312-26FC-4878-A417-C2E9EA248E38}.Debug|iPhoneSimulator.Build.0 = Debug|iPhoneSimulator
		{16921312-26FC-4878-A417-C2E9EA248E38}.Debug|iPhoneSimulator.Deploy.0 = Debug|iPhoneSimulator
		{16921312-26FC-4878-A417-C2E9EA248E38}.Release|Any CPU.ActiveCfg = Release|iPhoneSimulator
		{16921312-26FC-4878-A417-C2E9EA248E38}.Release|Any CPU.Build.0 = Release|iPhoneSimulator
		{16921312-26FC-4878-A417-C2E9EA248E38}.Release|Any CPU.Deploy.0 = Release|iPhoneSimulator
		{16921312-26FC-4878-A417-C2E9EA248E38}.Release|iPhone.ActiveCfg = Release|iPhone
		{16921312-26FC-4878-A417-C2E9EA248E38}.Release|iPhone.Build.0 = Release|iPhone
		{16921312-26FC-4878-A417-C2E9EA248E38}.Release|iPhone.Deploy.0 = Release|iPhone
		{16921312-26FC-4878-A417-C2E9EA248E38}.Release|iPhoneSimulator.ActiveCfg = Release|iPhoneSimulator
		{16921312-26FC-4878-A417-C2E9EA248E38}.Release|iPhoneSimulator.Build.0 = Release|iPhoneSimulator
		{16921312-26FC-4878-A417-C2E9EA248E38}.Release|iPhoneSimulator.Deploy.0 = Release|iPhoneSimulator
		{8BFAEEBC-FF01-428D-AC24-1E29B6D0B83B}.Debug|Any CPU.ActiveCfg = Debug|Any CPU
		{8BFAEEBC-FF01-428D-AC24-1E29B6D0B83B}.Debug|Any CPU.Build.0 = Debug|Any CPU
		{8BFAEEBC-FF01-428D-AC24-1E29B6D0B83B}.Debug|Any CPU.Deploy.0 = Debug|Any CPU
		{8BFAEEBC-FF01-428D-AC24-1E29B6D0B83B}.Debug|iPhone.ActiveCfg = Debug|Any CPU
		{8BFAEEBC-FF01-428D-AC24-1E29B6D0B83B}.Debug|iPhone.Build.0 = Debug|Any CPU
		{8BFAEEBC-FF01-428D-AC24-1E29B6D0B83B}.Debug|iPhone.Deploy.0 = Debug|Any CPU
		{8BFAEEBC-FF01-428D-AC24-1E29B6D0B83B}.Debug|iPhoneSimulator.ActiveCfg = Debug|Any CPU
		{8BFAEEBC-FF01-428D-AC24-1E29B6D0B83B}.Debug|iPhoneSimulator.Build.0 = Debug|Any CPU
		{8BFAEEBC-FF01-428D-AC24-1E29B6D0B83B}.Debug|iPhoneSimulator.Deploy.0 = Debug|Any CPU
		{8BFAEEBC-FF01-428D-AC24-1E29B6D0B83B}.Release|Any CPU.ActiveCfg = Release|Any CPU
		{8BFAEEBC-FF01-428D-AC24-1E29B6D0B83B}.Release|Any CPU.Build.0 = Release|Any CPU
		{8BFAEEBC-FF01-428D-AC24-1E29B6D0B83B}.Release|Any CPU.Deploy.0 = Release|Any CPU
		{8BFAEEBC-FF01-428D-AC24-1E29B6D0B83B}.Release|iPhone.ActiveCfg = Release|Any CPU
		{8BFAEEBC-FF01-428D-AC24-1E29B6D0B83B}.Release|iPhone.Build.0 = Release|Any CPU
		{8BFAEEBC-FF01-428D-AC24-1E29B6D0B83B}.Release|iPhone.Deploy.0 = Release|Any CPU
		{8BFAEEBC-FF01-428D-AC24-1E29B6D0B83B}.Release|iPhoneSimulator.ActiveCfg = Release|Any CPU
		{8BFAEEBC-FF01-428D-AC24-1E29B6D0B83B}.Release|iPhoneSimulator.Build.0 = Release|Any CPU
		{8BFAEEBC-FF01-428D-AC24-1E29B6D0B83B}.Release|iPhoneSimulator.Deploy.0 = Release|Any CPU
	EndGlobalSection
	GlobalSection(SolutionProperties) = preSolution
		HideSolutionNode = FALSE
	EndGlobalSection
	GlobalSection(ExtensibilityGlobals) = postSolution
		SolutionGuid = {FD197152-121B-45B2-A9FB-89F482B88F5D}
	EndGlobalSection
EndGlobal
